
Microsoft Visual Studio Solution File, Format Version 11.00
# Visual Studio 2010
Project("{8BC9CEB8-8B4A-11D0-8D11-00A0C91BC942}") = "ZigZagConversion", "ZigZagConversion\ZigZagConversion.vcxproj", "{D2F86814-3FBD-4CD5-961D-05C6A73E88B8}"
EndProject
Global
	GlobalSection(SolutionConfigurationPlatforms) = preSolution
		Debug|Win32 = Debug|Win32
		Release|Win32 = Release|Win32
	EndGlobalSection
	GlobalSection(ProjectConfigurationPlatforms) = postSolution
		{D2F86814-3FBD-4CD5-961D-05C6A73E88B8}.Debug|Win32.ActiveCfg = Debug|Win32
		{D2F86814-3FBD-4CD5-961D-05C6A73E88B8}.Debug|Win32.Build.0 = Debug|Win32
		{D2F86814-3FBD-4CD5-961D-05C6A73E88B8}.Release|Win32.ActiveCfg = Release|Win32
		{D2F86814-3FBD-4CD5-961D-05C6A73E88B8}.Release|Win32.Build.0 = Release|Win32
	EndGlobalSection
	GlobalSection(SolutionProperties) = preSolution
		HideSolutionNode = FALSE
	EndGlobalSection
EndGlobal
