
Microsoft Visual Studio Solution File, Format Version 11.00
# Visual Studio 2010
Project("{8BC9CEB8-8B4A-11D0-8D11-00A0C91BC942}") = "SellStock", "SellStock.vcxproj", "{44AB29D9-858B-4185-924C-B905B88A16A9}"
EndProject
Global
	GlobalSection(SolutionConfigurationPlatforms) = preSolution
		Debug|Win32 = Debug|Win32
		Release|Win32 = Release|Win32
	EndGlobalSection
	GlobalSection(ProjectConfigurationPlatforms) = postSolution
		{44AB29D9-858B-4185-924C-B905B88A16A9}.Debug|Win32.ActiveCfg = Debug|Win32
		{44AB29D9-858B-4185-924C-B905B88A16A9}.Debug|Win32.Build.0 = Debug|Win32
		{44AB29D9-858B-4185-924C-B905B88A16A9}.Release|Win32.ActiveCfg = Release|Win32
		{44AB29D9-858B-4185-924C-B905B88A16A9}.Release|Win32.Build.0 = Release|Win32
	EndGlobalSection
	GlobalSection(SolutionProperties) = preSolution
		HideSolutionNode = FALSE
	EndGlobalSection
EndGlobal
